
Microsoft Visual Studio Solution File, Format Version 12.00
# Visual Studio Version 16
VisualStudioVersion = 16.0.30523.141
MinimumVisualStudioVersion = 10.0.40219.1
Project("{FAE04EC0-301F-11D3-BF4B-00C04F79EFBC}") = "vericekme", "vericekme\vericekme.csproj", "{9F2BD46E-4303-4096-9397-ED3633B9B00D}"
EndProject
Global
	GlobalSection(SolutionConfigurationPlatforms) = preSolution
		Debug|Any CPU = Debug|Any CPU
		Release|Any CPU = Release|Any CPU
	EndGlobalSection
	GlobalSection(ProjectConfigurationPlatforms) = postSolution
		{9F2BD46E-4303-4096-9397-ED3633B9B00D}.Debug|Any CPU.ActiveCfg = Debug|Any CPU
		{9F2BD46E-4303-4096-9397-ED3633B9B00D}.Debug|Any CPU.Build.0 = Debug|Any CPU
		{9F2BD46E-4303-4096-9397-ED3633B9B00D}.Release|Any CPU.ActiveCfg = Release|Any CPU
		{9F2BD46E-4303-4096-9397-ED3633B9B00D}.Release|Any CPU.Build.0 = Release|Any CPU
	EndGlobalSection
	GlobalSection(SolutionProperties) = preSolution
		HideSolutionNode = FALSE
	EndGlobalSection
	GlobalSection(ExtensibilityGlobals) = postSolution
		SolutionGuid = {D2298E77-6C6D-4CB4-A13E-0713F2C03534}
	EndGlobalSection
EndGlobal
